
Microsoft Visual Studio Solution File, Format Version 12.00
# Visual Studio Version 16
VisualStudioVersion = 16.0.29728.190
MinimumVisualStudioVersion = 10.0.40219.1
Project("{FAE04EC0-301F-11D3-BF4B-00C04F79EFBC}") = "MyMovies", "MyMovies\MyMovies.csproj", "{40F4D989-D0A6-48D4-A38B-22C729D5972F}"
EndProject
Global
	GlobalSection(SolutionConfigurationPlatforms) = preSolution
		Debug|Any CPU = Debug|Any CPU
		Release|Any CPU = Release|Any CPU
	EndGlobalSection
	GlobalSection(ProjectConfigurationPlatforms) = postSolution
		{40F4D989-D0A6-48D4-A38B-22C729D5972F}.Debug|Any CPU.ActiveCfg = Debug|Any CPU
		{40F4D989-D0A6-48D4-A38B-22C729D5972F}.Debug|Any CPU.Build.0 = Debug|Any CPU
		{40F4D989-D0A6-48D4-A38B-22C729D5972F}.Release|Any CPU.ActiveCfg = Release|Any CPU
		{40F4D989-D0A6-48D4-A38B-22C729D5972F}.Release|Any CPU.Build.0 = Release|Any CPU
	EndGlobalSection
	GlobalSection(SolutionProperties) = preSolution
		HideSolutionNode = FALSE
	EndGlobalSection
	GlobalSection(ExtensibilityGlobals) = postSolution
		SolutionGuid = {29F83585-CF86-49AC-8C53-7F104705F34B}
	EndGlobalSection
EndGlobal
